// !$*UTF8*$!
{
	archiveVersion = 1;
	classes = {
	};
	objectVersion = 51;
	objects = {

/* Begin PBXBuildFile section */
		9E2B5022244A7053007C9C7B /* BottomSheetViewController.swift in Sources */ = {isa = PBXBuildFile; fileRef = 9E2B5021244A7053007C9C7B /* BottomSheetViewController.swift */; };
		9E4C943D244B9DF600FD1739 /* TodoItem.swift in Sources */ = {isa = PBXBuildFile; fileRef = 9E4C943C244B9DF600FD1739 /* TodoItem.swift */; };
		9E5D8196244A547F00EF67B1 /* Constants.swift in Sources */ = {isa = PBXBuildFile; fileRef = 9E5D8195244A547F00EF67B1 /* Constants.swift */; };
		9E82AACA244AAC79004B4AE4 /* Extensions.swift in Sources */ = {isa = PBXBuildFile; fileRef = 9E82AAC9244AAC79004B4AE4 /* Extensions.swift */; };
		9ED0BD3A24466677004FBC6D /* AppDelegate.swift in Sources */ = {isa = PBXBuildFile; fileRef = 9ED0BD3924466677004FBC6D /* AppDelegate.swift */; };
		9ED0BD3C24466677004FBC6D /* SceneDelegate.swift in Sources */ = {isa = PBXBuildFile; fileRef = 9ED0BD3B24466677004FBC6D /* SceneDelegate.swift */; };
		9ED0BD3E24466677004FBC6D /* TodoListViewController.swift in Sources */ = {isa = PBXBuildFile; fileRef = 9ED0BD3D24466677004FBC6D /* TodoListViewController.swift */; };
		9ED0BD4124466677004FBC6D /* Main.storyboard in Resources */ = {isa = PBXBuildFile; fileRef = 9ED0BD3F24466677004FBC6D /* Main.storyboard */; };
		9ED0BD4324466679004FBC6D /* Assets.xcassets in Resources */ = {isa = PBXBuildFile; fileRef = 9ED0BD4224466679004FBC6D /* Assets.xcassets */; };
		9ED0BD4624466679004FBC6D /* LaunchScreen.storyboard in Resources */ = {isa = PBXBuildFile; fileRef = 9ED0BD4424466679004FBC6D /* LaunchScreen.storyboard */; };
		F84A82D38B236F0E69599F4E /* Pods_Todo_it.framework in Frameworks */ = {isa = PBXBuildFile; fileRef = 56320383BED081DE2A001733 /* Pods_Todo_it.framework */; };
/* End PBXBuildFile section */

/* Begin PBXFileReference section */
		201D8761694B4995AA0BDE07 /* Pods-Todo-it.release.xcconfig */ = {isa = PBXFileReference; includeInIndex = 1; lastKnownFileType = text.xcconfig; name = "Pods-Todo-it.release.xcconfig"; path = "Target Support Files/Pods-Todo-it/Pods-Todo-it.release.xcconfig"; sourceTree = "<group>"; };
		40D31AE1793352BA0B957A54 /* Pods-Todo-it.debug.xcconfig */ = {isa = PBXFileReference; includeInIndex = 1; lastKnownFileType = text.xcconfig; name = "Pods-Todo-it.debug.xcconfig"; path = "Target Support Files/Pods-Todo-it/Pods-Todo-it.debug.xcconfig"; sourceTree = "<group>"; };
		56320383BED081DE2A001733 /* Pods_Todo_it.framework */ = {isa = PBXFileReference; explicitFileType = wrapper.framework; includeInIndex = 0; path = Pods_Todo_it.framework; sourceTree = BUILT_PRODUCTS_DIR; };
		9E2B5021244A7053007C9C7B /* BottomSheetViewController.swift */ = {isa = PBXFileReference; lastKnownFileType = sourcecode.swift; path = BottomSheetViewController.swift; sourceTree = "<group>"; };
		9E4C943C244B9DF600FD1739 /* TodoItem.swift */ = {isa = PBXFileReference; lastKnownFileType = sourcecode.swift; path = TodoItem.swift; sourceTree = "<group>"; };
		9E5D8195244A547F00EF67B1 /* Constants.swift */ = {isa = PBXFileReference; lastKnownFileType = sourcecode.swift; path = Constants.swift; sourceTree = "<group>"; };
		9E82AAC9244AAC79004B4AE4 /* Extensions.swift */ = {isa = PBXFileReference; lastKnownFileType = sourcecode.swift; path = Extensions.swift; sourceTree = "<group>"; };
		9ED0BD3624466677004FBC6D /* Todo-it.app */ = {isa = PBXFileReference; explicitFileType = wrapper.application; includeInIndex = 0; path = "Todo-it.app"; sourceTree = BUILT_PRODUCTS_DIR; };
		9ED0BD3924466677004FBC6D /* AppDelegate.swift */ = {isa = PBXFileReference; lastKnownFileType = sourcecode.swift; path = AppDelegate.swift; sourceTree = "<group>"; };
		9ED0BD3B24466677004FBC6D /* SceneDelegate.swift */ = {isa = PBXFileReference; lastKnownFileType = sourcecode.swift; path = SceneDelegate.swift; sourceTree = "<group>"; };
		9ED0BD3D24466677004FBC6D /* TodoListViewController.swift */ = {isa = PBXFileReference; lastKnownFileType = sourcecode.swift; path = TodoListViewController.swift; sourceTree = "<group>"; };
		9ED0BD4024466677004FBC6D /* Base */ = {isa = PBXFileReference; lastKnownFileType = file.storyboard; name = Base; path = Base.lproj/Main.storyboard; sourceTree = "<group>"; };
		9ED0BD4224466679004FBC6D /* Assets.xcassets */ = {isa = PBXFileReference; lastKnownFileType = folder.assetcatalog; path = Assets.xcassets; sourceTree = "<group>"; };
		9ED0BD4524466679004FBC6D /* Base */ = {isa = PBXFileReference; lastKnownFileType = file.storyboard; name = Base; path = Base.lproj/LaunchScreen.storyboard; sourceTree = "<group>"; };
		9ED0BD4724466679004FBC6D /* Info.plist */ = {isa = PBXFileReference; lastKnownFileType = text.plist.xml; path = Info.plist; sourceTree = "<group>"; };
/* End PBXFileReference section */

/* Begin PBXFrameworksBuildPhase section */
		9ED0BD3324466677004FBC6D /* Frameworks */ = {
			isa = PBXFrameworksBuildPhase;
			buildActionMask = 2147483647;
			files = (
				F84A82D38B236F0E69599F4E /* Pods_Todo_it.framework in Frameworks */,
			);
			runOnlyForDeploymentPostprocessing = 0;
		};
/* End PBXFrameworksBuildPhase section */

/* Begin PBXGroup section */
		5C3D3166075C639DB2FD0747 /* Pods */ = {
			isa = PBXGroup;
			children = (
				40D31AE1793352BA0B957A54 /* Pods-Todo-it.debug.xcconfig */,
				201D8761694B4995AA0BDE07 /* Pods-Todo-it.release.xcconfig */,
			);
			path = Pods;
			sourceTree = "<group>";
		};
		9E0A1112244BED9F00223D3A /* Controller */ = {
			isa = PBXGroup;
			children = (
				9E2B5021244A7053007C9C7B /* BottomSheetViewController.swift */,
				9ED0BD3D24466677004FBC6D /* TodoListViewController.swift */,
			);
			path = Controller;
			sourceTree = "<group>";
		};
		9E0A1113244BEE2D00223D3A /* Supporting Files */ = {
			isa = PBXGroup;
			children = (
				9ED0BD4724466679004FBC6D /* Info.plist */,
				9ED0BD4224466679004FBC6D /* Assets.xcassets */,
			);
			path = "Supporting Files";
			sourceTree = "<group>";
		};
		9E0A1114244BF03400223D3A /* View */ = {
			isa = PBXGroup;
			children = (
				9ED0BD3F24466677004FBC6D /* Main.storyboard */,
				9ED0BD4424466679004FBC6D /* LaunchScreen.storyboard */,
			);
			path = View;
			sourceTree = "<group>";
		};
		9E0A1115244BF07900223D3A /* Extension */ = {
			isa = PBXGroup;
			children = (
				9E82AAC9244AAC79004B4AE4 /* Extensions.swift */,
			);
			path = Extension;
			sourceTree = "<group>";
		};
		9E0A1116244BF19700223D3A /* Main */ = {
			isa = PBXGroup;
			children = (
				9ED0BD3924466677004FBC6D /* AppDelegate.swift */,
				9ED0BD3B24466677004FBC6D /* SceneDelegate.swift */,
				9E5D8195244A547F00EF67B1 /* Constants.swift */,
			);
			path = Main;
			sourceTree = "<group>";
		};
		9E4C943B244B9DDB00FD1739 /* CoreData */ = {
			isa = PBXGroup;
			children = (
				9E4C943C244B9DF600FD1739 /* TodoItem.swift */,
			);
			path = CoreData;
			sourceTree = "<group>";
		};
		9ED0BD2D24466677004FBC6D = {
			isa = PBXGroup;
			children = (
				9ED0BD3824466677004FBC6D /* Todo-it */,
				9ED0BD3724466677004FBC6D /* Products */,
				5C3D3166075C639DB2FD0747 /* Pods */,
				A35976A14CB05E3DC94E369D /* Frameworks */,
			);
			sourceTree = "<group>";
		};
		9ED0BD3724466677004FBC6D /* Products */ = {
			isa = PBXGroup;
			children = (
				9ED0BD3624466677004FBC6D /* Todo-it.app */,
			);
			name = Products;
			sourceTree = "<group>";
		};
		9ED0BD3824466677004FBC6D /* Todo-it */ = {
			isa = PBXGroup;
			children = (
				9E0A1116244BF19700223D3A /* Main */,
				9E4C943B244B9DDB00FD1739 /* CoreData */,
				9E0A1112244BED9F00223D3A /* Controller */,
				9E0A1114244BF03400223D3A /* View */,
				9E0A1113244BEE2D00223D3A /* Supporting Files */,
				9E0A1115244BF07900223D3A /* Extension */,
			);
			path = "Todo-it";
			sourceTree = "<group>";
		};
		A35976A14CB05E3DC94E369D /* Frameworks */ = {
			isa = PBXGroup;
			children = (
				56320383BED081DE2A001733 /* Pods_Todo_it.framework */,
			);
			name = Frameworks;
			sourceTree = "<group>";
		};
/* End PBXGroup section */

/* Begin PBXNativeTarget section */
		9ED0BD3524466677004FBC6D /* Todo-it */ = {
			isa = PBXNativeTarget;
			buildConfigurationList = 9ED0BD4A24466679004FBC6D /* Build configuration list for PBXNativeTarget "Todo-it" */;
			buildPhases = (
				35C113845178378CC2C8C5BA /* [CP] Check Pods Manifest.lock */,
				9ED0BD3224466677004FBC6D /* Sources */,
				9ED0BD3324466677004FBC6D /* Frameworks */,
				9ED0BD3424466677004FBC6D /* Resources */,
				5FB0FFF9AB8049E6D2A01A2F /* [CP] Embed Pods Frameworks */,
			);
			buildRules = (
			);
			dependencies = (
			);
			name = "Todo-it";
			productName = "Todo-it";
			productReference = 9ED0BD3624466677004FBC6D /* Todo-it.app */;
			productType = "com.apple.product-type.application";
		};
/* End PBXNativeTarget section */

/* Begin PBXProject section */
		9ED0BD2E24466677004FBC6D /* Project object */ = {
			isa = PBXProject;
			attributes = {
				LastSwiftUpdateCheck = 1130;
				LastUpgradeCheck = 1130;
				ORGANIZATIONNAME = "Mohaned Yossry";
				TargetAttributes = {
					9ED0BD3524466677004FBC6D = {
						CreatedOnToolsVersion = 11.3.1;
					};
				};
			};
			buildConfigurationList = 9ED0BD3124466677004FBC6D /* Build configuration list for PBXProject "Todo-it" */;
			compatibilityVersion = "Xcode 9.3";
			developmentRegion = en;
			hasScannedForEncodings = 0;
			knownRegions = (
				en,
				Base,
			);
			mainGroup = 9ED0BD2D24466677004FBC6D;
			productRefGroup = 9ED0BD3724466677004FBC6D /* Products */;
			projectDirPath = "";
			projectRoot = "";
			targets = (
				9ED0BD3524466677004FBC6D /* Todo-it */,
			);
		};
/* End PBXProject section */

/* Begin PBXResourcesBuildPhase section */
		9ED0BD3424466677004FBC6D /* Resources */ = {
			isa = PBXResourcesBuildPhase;
			buildActionMask = 2147483647;
			files = (
				9ED0BD4624466679004FBC6D /* LaunchScreen.storyboard in Resources */,
				9ED0BD4324466679004FBC6D /* Assets.xcassets in Resources */,
				9ED0BD4124466677004FBC6D /* Main.storyboard in Resources */,
			);
			runOnlyForDeploymentPostprocessing = 0;
		};
/* End PBXResourcesBuildPhase section */

/* Begin PBXShellScriptBuildPhase section */
		35C113845178378CC2C8C5BA /* [CP] Check Pods Manifest.lock */ = {
			isa = PBXShellScriptBuildPhase;
			buildActionMask = 2147483647;
			files = (
			);
			inputFileListPaths = (
			);
			inputPaths = (
				"${PODS_PODFILE_DIR_PATH}/Podfile.lock",
				"${PODS_ROOT}/Manifest.lock",
			);
			name = "[CP] Check Pods Manifest.lock";
			outputFileListPaths = (
			);
			outputPaths = (
				"$(DERIVED_FILE_DIR)/Pods-Todo-it-checkManifestLockResult.txt",
			);
			runOnlyForDeploymentPostprocessing = 0;
			shellPath = /bin/sh;
			shellScript = "diff \"${PODS_PODFILE_DIR_PATH}/Podfile.lock\" \"${PODS_ROOT}/Manifest.lock\" > /dev/null\nif [ $? != 0 ] ; then\n    # print error to STDERR\n    echo \"error: The sandbox is not in sync with the Podfile.lock. Run 'pod install' or update your CocoaPods installation.\" >&2\n    exit 1\nfi\n# This output is used by Xcode 'outputs' to avoid re-running this script phase.\necho \"SUCCESS\" > \"${SCRIPT_OUTPUT_FILE_0}\"\n";
			showEnvVarsInLog = 0;
		};
		5FB0FFF9AB8049E6D2A01A2F /* [CP] Embed Pods Frameworks */ = {
			isa = PBXShellScriptBuildPhase;
			buildActionMask = 2147483647;
			files = (
			);
			inputFileListPaths = (
				"${PODS_ROOT}/Target Support Files/Pods-Todo-it/Pods-Todo-it-frameworks-${CONFIGURATION}-input-files.xcfilelist",
			);
			name = "[CP] Embed Pods Frameworks";
			outputFileListPaths = (
				"${PODS_ROOT}/Target Support Files/Pods-Todo-it/Pods-Todo-it-frameworks-${CONFIGURATION}-output-files.xcfilelist",
			);
			runOnlyForDeploymentPostprocessing = 0;
			shellPath = /bin/sh;
			shellScript = "\"${PODS_ROOT}/Target Support Files/Pods-Todo-it/Pods-Todo-it-frameworks.sh\"\n";
			showEnvVarsInLog = 0;
		};
/* End PBXShellScriptBuildPhase section */

/* Begin PBXSourcesBuildPhase section */
		9ED0BD3224466677004FBC6D /* Sources */ = {
			isa = PBXSourcesBuildPhase;
			buildActionMask = 2147483647;
			files = (
				9ED0BD3E24466677004FBC6D /* TodoListViewController.swift in Sources */,
				9ED0BD3A24466677004FBC6D /* AppDelegate.swift in Sources */,
				9E4C943D244B9DF600FD1739 /* TodoItem.swift in Sources */,
				9ED0BD3C24466677004FBC6D /* SceneDelegate.swift in Sources */,
				9E2B5022244A7053007C9C7B /* BottomSheetViewController.swift in Sources */,
				9E5D8196244A547F00EF67B1 /* Constants.swift in Sources */,
				9E82AACA244AAC79004B4AE4 /* Extensions.swift in Sources */,
			);
			runOnlyForDeploymentPostprocessing = 0;
		};
/* End PBXSourcesBuildPhase section */

/* Begin PBXVariantGroup section */
		9ED0BD3F24466677004FBC6D /* Main.storyboard */ = {
			isa = PBXVariantGroup;
			children = (
				9ED0BD4024466677004FBC6D /* Base */,
			);
			name = Main.storyboard;
			sourceTree = "<group>";
		};
		9ED0BD4424466679004FBC6D /* LaunchScreen.storyboard */ = {
			isa = PBXVariantGroup;
			children = (
				9ED0BD4524466679004FBC6D /* Base */,
			);
			name = LaunchScreen.storyboard;
			sourceTree = "<group>";
		};
/* End PBXVariantGroup section */

/* Begin XCBuildConfiguration section */
		9ED0BD4824466679004FBC6D /* Debug */ = {
			isa = XCBuildConfiguration;
			buildSettings = {
				ALWAYS_SEARCH_USER_PATHS = NO;
				CLANG_ANALYZER_NONNULL = YES;
				CLANG_ANALYZER_NUMBER_OBJECT_CONVERSION = YES_AGGRESSIVE;
				CLANG_CXX_LANGUAGE_STANDARD = "gnu++14";
				CLANG_CXX_LIBRARY = "libc++";
				CLANG_ENABLE_MODULES = YES;
				CLANG_ENABLE_OBJC_ARC = YES;
				CLANG_ENABLE_OBJC_WEAK = YES;
				CLANG_WARN_BLOCK_CAPTURE_AUTORELEASING = YES;
				CLANG_WARN_BOOL_CONVERSION = YES;
				CLANG_WARN_COMMA = YES;
				CLANG_WARN_CONSTANT_CONVERSION = YES;
				CLANG_WARN_DEPRECATED_OBJC_IMPLEMENTATIONS = YES;
				CLANG_WARN_DIRECT_OBJC_ISA_USAGE = YES_ERROR;
				CLANG_WARN_DOCUMENTATION_COMMENTS = YES;
				CLANG_WARN_EMPTY_BODY = YES;
				CLANG_WARN_ENUM_CONVERSION = YES;
				CLANG_WARN_INFINITE_RECURSION = YES;
				CLANG_WARN_INT_CONVERSION = YES;
				CLANG_WARN_NON_LITERAL_NULL_CONVERSION = YES;
				CLANG_WARN_OBJC_IMPLICIT_RETAIN_SELF = YES;
				CLANG_WARN_OBJC_LITERAL_CONVERSION = YES;
				CLANG_WARN_OBJC_ROOT_CLASS = YES_ERROR;
				CLANG_WARN_RANGE_LOOP_ANALYSIS = YES;
				CLANG_WARN_STRICT_PROTOTYPES = YES;
				CLANG_WARN_SUSPICIOUS_MOVE = YES;
				CLANG_WARN_UNGUARDED_AVAILABILITY = YES_AGGRESSIVE;
				CLANG_WARN_UNREACHABLE_CODE = YES;
				CLANG_WARN__DUPLICATE_METHOD_MATCH = YES;
				COPY_PHASE_STRIP = NO;
				DEBUG_INFORMATION_FORMAT = dwarf;
				ENABLE_STRICT_OBJC_MSGSEND = YES;
				ENABLE_TESTABILITY = YES;
				GCC_C_LANGUAGE_STANDARD = gnu11;
				GCC_DYNAMIC_NO_PIC = NO;
				GCC_NO_COMMON_BLOCKS = YES;
				GCC_OPTIMIZATION_LEVEL = 0;
				GCC_PREPROCESSOR_DEFINITIONS = (
					"DEBUG=1",
					"$(inherited)",
				);
				GCC_WARN_64_TO_32_BIT_CONVERSION = YES;
				GCC_WARN_ABOUT_RETURN_TYPE = YES_ERROR;
				GCC_WARN_UNDECLARED_SELECTOR = YES;
				GCC_WARN_UNINITIALIZED_AUTOS = YES_AGGRESSIVE;
				GCC_WARN_UNUSED_FUNCTION = YES;
				GCC_WARN_UNUSED_VARIABLE = YES;
				IPHONEOS_DEPLOYMENT_TARGET = 13.2;
				MTL_ENABLE_DEBUG_INFO = INCLUDE_SOURCE;
				MTL_FAST_MATH = YES;
				ONLY_ACTIVE_ARCH = YES;
				SDKROOT = iphoneos;
				SWIFT_ACTIVE_COMPILATION_CONDITIONS = DEBUG;
				SWIFT_OPTIMIZATION_LEVEL = "-Onone";
			};
			name = Debug;
		};
		9ED0BD4924466679004FBC6D /* Release */ = {
			isa = XCBuildConfiguration;
			buildSettings = {
				ALWAYS_SEARCH_USER_PATHS = NO;
				CLANG_ANALYZER_NONNULL = YES;
				CLANG_ANALYZER_NUMBER_OBJECT_CONVERSION = YES_AGGRESSIVE;
				CLANG_CXX_LANGUAGE_STANDARD = "gnu++14";
				CLANG_CXX_LIBRARY = "libc++";
				CLANG_ENABLE_MODULES = YES;
				CLANG_ENABLE_OBJC_ARC = YES;
				CLANG_ENABLE_OBJC_WEAK = YES;
				CLANG_WARN_BLOCK_CAPTURE_AUTORELEASING = YES;
				CLANG_WARN_BOOL_CONVERSION = YES;
				CLANG_WARN_COMMA = YES;
				CLANG_WARN_CONSTANT_CONVERSION = YES;
				CLANG_WARN_DEPRECATED_OBJC_IMPLEMENTATIONS = YES;
				CLANG_WARN_DIRECT_OBJC_ISA_USAGE = YES_ERROR;
				CLANG_WARN_DOCUMENTATION_COMMENTS = YES;
				CLANG_WARN_EMPTY_BODY = YES;
				CLANG_WARN_ENUM_CONVERSION = YES;
				CLANG_WARN_INFINITE_RECURSION = YES;
				CLANG_WARN_INT_CONVERSION = YES;
				CLANG_WARN_NON_LITERAL_NULL_CONVERSION = YES;
				CLANG_WARN_OBJC_IMPLICIT_RETAIN_SELF = YES;
				CLANG_WARN_OBJC_LITERAL_CONVERSION = YES;
				CLANG_WARN_OBJC_ROOT_CLASS = YES_ERROR;
				CLANG_WARN_RANGE_LOOP_ANALYSIS = YES;
				CLANG_WARN_STRICT_PROTOTYPES = YES;
				CLANG_WARN_SUSPICIOUS_MOVE = YES;
				CLANG_WARN_UNGUARDED_AVAILABILITY = YES_AGGRESSIVE;
				CLANG_WARN_UNREACHABLE_CODE = YES;
				CLANG_WARN__DUPLICATE_METHOD_MATCH = YES;
				COPY_PHASE_STRIP = NO;
				DEBUG_INFORMATION_FORMAT = "dwarf-with-dsym";
				ENABLE_NS_ASSERTIONS = NO;
				ENABLE_STRICT_OBJC_MSGSEND = YES;
				GCC_C_LANGUAGE_STANDARD = gnu11;
				GCC_NO_COMMON_BLOCKS = YES;
				GCC_WARN_64_TO_32_BIT_CONVERSION = YES;
				GCC_WARN_ABOUT_RETURN_TYPE = YES_ERROR;
				GCC_WARN_UNDECLARED_SELECTOR = YES;
				GCC_WARN_UNINITIALIZED_AUTOS = YES_AGGRESSIVE;
				GCC_WARN_UNUSED_FUNCTION = YES;
				GCC_WARN_UNUSED_VARIABLE = YES;
				IPHONEOS_DEPLOYMENT_TARGET = 13.2;
				MTL_ENABLE_DEBUG_INFO = NO;
				MTL_FAST_MATH = YES;
				SDKROOT = iphoneos;
				SWIFT_COMPILATION_MODE = wholemodule;
				SWIFT_OPTIMIZATION_LEVEL = "-O";
				VALIDATE_PRODUCT = YES;
			};
			name = Release;
		};
		9ED0BD4B24466679004FBC6D /* Debug */ = {
			isa = XCBuildConfiguration;
			baseConfigurationReference = 40D31AE1793352BA0B957A54 /* Pods-Todo-it.debug.xcconfig */;
			buildSettings = {
				ASSETCATALOG_COMPILER_APPICON_NAME = AppIcon;
				CODE_SIGN_STYLE = Automatic;
				DEVELOPMENT_TEAM = 8FQG26DZ84;
				INFOPLIST_FILE = "Todo-it/Info.plist";
				LD_RUNPATH_SEARCH_PATHS = (
					"$(inherited)",
					"@executable_path/Frameworks",
				);
				PRODUCT_BUNDLE_IDENTIFIER = "mohanedy98.Todo-it";
				PRODUCT_NAME = "$(TARGET_NAME)";
				SWIFT_VERSION = 5.0;
				TARGETED_DEVICE_FAMILY = "1,2";
			};
			name = Debug;
		};
		9ED0BD4C24466679004FBC6D /* Release */ = {
			isa = XCBuildConfiguration;
			baseConfigurationReference = 201D8761694B4995AA0BDE07 /* Pods-Todo-it.release.xcconfig */;
			buildSettings = {
				ASSETCATALOG_COMPILER_APPICON_NAME = AppIcon;
				CODE_SIGN_STYLE = Automatic;
				DEVELOPMENT_TEAM = 8FQG26DZ84;
				INFOPLIST_FILE = "Todo-it/Info.plist";
				LD_RUNPATH_SEARCH_PATHS = (
					"$(inherited)",
					"@executable_path/Frameworks",
				);
				PRODUCT_BUNDLE_IDENTIFIER = "mohanedy98.Todo-it";
				PRODUCT_NAME = "$(TARGET_NAME)";
				SWIFT_VERSION = 5.0;
				TARGETED_DEVICE_FAMILY = "1,2";
			};
			name = Release;
		};
/* End XCBuildConfiguration section */

/* Begin XCConfigurationList section */
		9ED0BD3124466677004FBC6D /* Build configuration list for PBXProject "Todo-it" */ = {
			isa = XCConfigurationList;
			buildConfigurations = (
				9ED0BD4824466679004FBC6D /* Debug */,
				9ED0BD4924466679004FBC6D /* Release */,
			);
			defaultConfigurationIsVisible = 0;
			defaultConfigurationName = Release;
		};
		9ED0BD4A24466679004FBC6D /* Build configuration list for PBXNativeTarget "Todo-it" */ = {
			isa = XCConfigurationList;
			buildConfigurations = (
				9ED0BD4B24466679004FBC6D /* Debug */,
				9ED0BD4C24466679004FBC6D /* Release */,
			);
			defaultConfigurationIsVisible = 0;
			defaultConfigurationName = Release;
		};
/* End XCConfigurationList section */
	};
	rootObject = 9ED0BD2E24466677004FBC6D /* Project object */;
}
